
Microsoft Visual Studio Solution File, Format Version 12.00
Project("{FAE04EC0-301F-11D3-BF4B-00C04F79EFBC}") = "CBZ.ContactApp", "CBZ.ContactApp\CBZ.ContactApp.csproj", "{D5DEB7C3-A9A3-4D7F-8455-21CE4A6162BE}"
EndProject
Project("{FAE04EC0-301F-11D3-BF4B-00C04F79EFBC}") = "CBZ.ContactApp.Data", "CBZ.ContactApp.Data\CBZ.ContactApp.Data.csproj", "{605D6E95-C024-4624-995A-02EDEDC2353D}"
EndProject
Project("{FAE04EC0-301F-11D3-BF4B-00C04F79EFBC}") = "CBZ.ContactApp.Test", "CBZ.ContactApp.Test\CBZ.ContactApp.Test.csproj", "{59CDA15B-2FA3-40CD-BE94-0EE8E86870DB}"
EndProject
Global
	GlobalSection(SolutionConfigurationPlatforms) = preSolution
		Debug|Any CPU = Debug|Any CPU
		Release|Any CPU = Release|Any CPU
	EndGlobalSection
	GlobalSection(ProjectConfigurationPlatforms) = postSolution
		{D5DEB7C3-A9A3-4D7F-8455-21CE4A6162BE}.Debug|Any CPU.ActiveCfg = Debug|Any CPU
		{D5DEB7C3-A9A3-4D7F-8455-21CE4A6162BE}.Debug|Any CPU.Build.0 = Debug|Any CPU
		{D5DEB7C3-A9A3-4D7F-8455-21CE4A6162BE}.Release|Any CPU.ActiveCfg = Release|Any CPU
		{D5DEB7C3-A9A3-4D7F-8455-21CE4A6162BE}.Release|Any CPU.Build.0 = Release|Any CPU
		{605D6E95-C024-4624-995A-02EDEDC2353D}.Debug|Any CPU.ActiveCfg = Debug|Any CPU
		{605D6E95-C024-4624-995A-02EDEDC2353D}.Debug|Any CPU.Build.0 = Debug|Any CPU
		{605D6E95-C024-4624-995A-02EDEDC2353D}.Release|Any CPU.ActiveCfg = Release|Any CPU
		{605D6E95-C024-4624-995A-02EDEDC2353D}.Release|Any CPU.Build.0 = Release|Any CPU
		{59CDA15B-2FA3-40CD-BE94-0EE8E86870DB}.Debug|Any CPU.ActiveCfg = Debug|Any CPU
		{59CDA15B-2FA3-40CD-BE94-0EE8E86870DB}.Debug|Any CPU.Build.0 = Debug|Any CPU
		{59CDA15B-2FA3-40CD-BE94-0EE8E86870DB}.Release|Any CPU.ActiveCfg = Release|Any CPU
		{59CDA15B-2FA3-40CD-BE94-0EE8E86870DB}.Release|Any CPU.Build.0 = Release|Any CPU
	EndGlobalSection
EndGlobal
